{
  "name": "test-dax-sdkv3",
  "version": "1.0.0",
  "lockfileVersion": 2,
  "requires": true,
  "packages": {
    "": {
      "name": "test-dax-sdkv3",
      "version": "1.0.0",
      "license": "ISC",
      "devDependencies": {
        "@types/node": "^20.14.9",
        "antlr4": "4.8.x",
        "bignumber.js": "^3.0.0",
        "jmespath": "^0.15.0",
        "typescript": "^5.5.3",
        "uuid": "^3.3.2"
      }
    },
    "..": {
      "name": "amazon-dax-client-sdkv3",
      "version": "1.0.2",
      "extraneous": true,
      "license": "Apache-2.0",
      "dependencies": {
        "@aws-sdk/client-dynamodb": "^3.585.0",
        "@aws-sdk/lib-dynamodb": "^3.585.0",
        "antlr4": "4.8.x",
        "bignumber.js": "^3.0.0",
        "uuid": "^3.3.2"
      },
      "engines": {
        "node": ">= 4.8.0"
      }
    },
    "node_modules/@types/node": {
      "version": "20.14.9",
      "resolved": "https://registry.npmjs.org/@types/node/-/node-20.14.9.tgz",
      "integrity": "sha512-06OCtnTXtWOZBJlRApleWndH4JsRVs1pDCc8dLSQp+7PpUpX3ePdHyeNSFTeSe7FtKyQkrlPvHwJOW3SLd8Oyg==",
      "dev": true,
      "dependencies": {
        "undici-types": "~5.26.4"
      }
    },
    "node_modules/antlr4": {
      "version": "4.8.0",
      "resolved": "https://registry.npmjs.org/antlr4/-/antlr4-4.8.0.tgz",
      "integrity": "sha512-en/MxQ4OkPgGJQ3wD/muzj1uDnFSzdFIhc2+c6bHZokWkuBb6RRvFjpWhPxWLbgQvaEzldJZ0GSQpfSAaE3hqg==",
      "dev": true
    },
    "node_modules/bignumber.js": {
      "version": "3.1.2",
      "resolved": "https://registry.npmjs.org/bignumber.js/-/bignumber.js-3.1.2.tgz",
      "integrity": "sha512-eI/GriEWjYdgkdhunjCwvzJY1JTxXreiy3Q+EbFfzYn9n/h4HiInmWf7OQDe/YLPBOQy3kZ4w+mw0UDf0UQYKw==",
      "dev": true,
      "engines": {
        "node": "*"
      }
    },
    "node_modules/jmespath": {
      "version": "0.15.0",
      "resolved": "https://registry.npmjs.org/jmespath/-/jmespath-0.15.0.tgz",
      "integrity": "sha512-+kHj8HXArPfpPEKGLZ+kB5ONRTCiGQXo8RQYL0hH8t6pWXUBBK5KkkQmTNOwKK4LEsd0yTsgtjJVm4UBSZea4w==",
      "dev": true,
      "engines": {
        "node": ">= 0.6.0"
      }
    },
    "node_modules/typescript": {
      "version": "5.5.3",
      "resolved": "https://registry.npmjs.org/typescript/-/typescript-5.5.3.tgz",
      "integrity": "sha512-/hreyEujaB0w76zKo6717l3L0o/qEUtRgdvUBvlkhoWeOVMjMuHNHk0BRBzikzuGDqNmPQbg5ifMEqsHLiIUcQ==",
      "dev": true,
      "bin": {
        "tsc": "bin/tsc",
        "tsserver": "bin/tsserver"
      },
      "engines": {
        "node": ">=14.17"
      }
    },
    "node_modules/undici-types": {
      "version": "5.26.5",
      "resolved": "https://registry.npmjs.org/undici-types/-/undici-types-5.26.5.tgz",
      "integrity": "sha512-JlCMO+ehdEIKqlFxk6IfVoAUVmgz7cU7zD/h9XZ0qzeosSHmUJVOzSQvvYSYWXkFXC+IfLKSIffhv0sVZup6pA==",
      "dev": true
    },
    "node_modules/uuid": {
      "version": "3.4.0",
      "resolved": "https://registry.npmjs.org/uuid/-/uuid-3.4.0.tgz",
      "integrity": "sha512-HjSDRw6gZE5JMggctHBcjVak08+KEVhSIiDzFnT9S9aegmp85S/bReBVTb4QTFaRNptJ9kuYaNhnbNEOkbKb/A==",
      "deprecated": "Please upgrade  to version 7 or higher.  Older versions may use Math.random() in certain circumstances, which is known to be problematic.  See https://v8.dev/blog/math-random for details.",
      "dev": true,
      "bin": {
        "uuid": "bin/uuid"
      }
    }
  },
  "dependencies": {
    "@types/node": {
      "version": "20.14.9",
      "resolved": "https://registry.npmjs.org/@types/node/-/node-20.14.9.tgz",
      "integrity": "sha512-06OCtnTXtWOZBJlRApleWndH4JsRVs1pDCc8dLSQp+7PpUpX3ePdHyeNSFTeSe7FtKyQkrlPvHwJOW3SLd8Oyg==",
      "dev": true,
      "requires": {
        "undici-types": "~5.26.4"
      }
    },
    "antlr4": {
      "version": "4.8.0",
      "resolved": "https://registry.npmjs.org/antlr4/-/antlr4-4.8.0.tgz",
      "integrity": "sha512-en/MxQ4OkPgGJQ3wD/muzj1uDnFSzdFIhc2+c6bHZokWkuBb6RRvFjpWhPxWLbgQvaEzldJZ0GSQpfSAaE3hqg==",
      "dev": true
    },
    "bignumber.js": {
      "version": "3.1.2",
      "resolved": "https://registry.npmjs.org/bignumber.js/-/bignumber.js-3.1.2.tgz",
      "integrity": "sha512-eI/GriEWjYdgkdhunjCwvzJY1JTxXreiy3Q+EbFfzYn9n/h4HiInmWf7OQDe/YLPBOQy3kZ4w+mw0UDf0UQYKw==",
      "dev": true
    },
    "jmespath": {
      "version": "0.15.0",
      "resolved": "https://registry.npmjs.org/jmespath/-/jmespath-0.15.0.tgz",
      "integrity": "sha512-+kHj8HXArPfpPEKGLZ+kB5ONRTCiGQXo8RQYL0hH8t6pWXUBBK5KkkQmTNOwKK4LEsd0yTsgtjJVm4UBSZea4w==",
      "dev": true
    },
    "typescript": {
      "version": "5.5.3",
      "resolved": "https://registry.npmjs.org/typescript/-/typescript-5.5.3.tgz",
      "integrity": "sha512-/hreyEujaB0w76zKo6717l3L0o/qEUtRgdvUBvlkhoWeOVMjMuHNHk0BRBzikzuGDqNmPQbg5ifMEqsHLiIUcQ==",
      "dev": true
    },
    "undici-types": {
      "version": "5.26.5",
      "resolved": "https://registry.npmjs.org/undici-types/-/undici-types-5.26.5.tgz",
      "integrity": "sha512-JlCMO+ehdEIKqlFxk6IfVoAUVmgz7cU7zD/h9XZ0qzeosSHmUJVOzSQvvYSYWXkFXC+IfLKSIffhv0sVZup6pA==",
      "dev": true
    },
    "uuid": {
      "version": "3.4.0",
      "resolved": "https://registry.npmjs.org/uuid/-/uuid-3.4.0.tgz",
      "integrity": "sha512-HjSDRw6gZE5JMggctHBcjVak08+KEVhSIiDzFnT9S9aegmp85S/bReBVTb4QTFaRNptJ9kuYaNhnbNEOkbKb/A==",
      "dev": true
    }
  }
}
